
Microsoft Visual Studio Solution File, Format Version 12.00
# Visual Studio 14
VisualStudioVersion = 14.0.25420.1
MinimumVisualStudioVersion = 10.0.40219.1
Project("{FAE04EC0-301F-11D3-BF4B-00C04F79EFBC}") = "SchoolManagement.Model", "SchoolManagement.Model\SchoolManagement.Model.csproj", "{2B976C38-56EA-4152-8345-68DAB2EEC2AC}"
EndProject
Project("{FAE04EC0-301F-11D3-BF4B-00C04F79EFBC}") = "SchoolManagement.Manager", "SchoolManagement.Manager\SchoolManagement.Manager.csproj", "{1B87D821-B5F7-43D7-9DEE-9B8595016097}"
EndProject
Project("{FAE04EC0-301F-11D3-BF4B-00C04F79EFBC}") = "SchoolManagement.ConsoleApplication", "SchoolManagement.ConsoleApplication\SchoolManagement.ConsoleApplication.csproj", "{1123CFB7-C761-49D0-B061-817A52CE2B32}"
EndProject
Global
	GlobalSection(SolutionConfigurationPlatforms) = preSolution
		Debug|Any CPU = Debug|Any CPU
		Release|Any CPU = Release|Any CPU
	EndGlobalSection
	GlobalSection(ProjectConfigurationPlatforms) = postSolution
		{2B976C38-56EA-4152-8345-68DAB2EEC2AC}.Debug|Any CPU.ActiveCfg = Debug|Any CPU
		{2B976C38-56EA-4152-8345-68DAB2EEC2AC}.Debug|Any CPU.Build.0 = Debug|Any CPU
		{2B976C38-56EA-4152-8345-68DAB2EEC2AC}.Release|Any CPU.ActiveCfg = Release|Any CPU
		{2B976C38-56EA-4152-8345-68DAB2EEC2AC}.Release|Any CPU.Build.0 = Release|Any CPU
		{1B87D821-B5F7-43D7-9DEE-9B8595016097}.Debug|Any CPU.ActiveCfg = Debug|Any CPU
		{1B87D821-B5F7-43D7-9DEE-9B8595016097}.Debug|Any CPU.Build.0 = Debug|Any CPU
		{1B87D821-B5F7-43D7-9DEE-9B8595016097}.Release|Any CPU.ActiveCfg = Release|Any CPU
		{1B87D821-B5F7-43D7-9DEE-9B8595016097}.Release|Any CPU.Build.0 = Release|Any CPU
		{1123CFB7-C761-49D0-B061-817A52CE2B32}.Debug|Any CPU.ActiveCfg = Debug|Any CPU
		{1123CFB7-C761-49D0-B061-817A52CE2B32}.Debug|Any CPU.Build.0 = Debug|Any CPU
		{1123CFB7-C761-49D0-B061-817A52CE2B32}.Release|Any CPU.ActiveCfg = Release|Any CPU
		{1123CFB7-C761-49D0-B061-817A52CE2B32}.Release|Any CPU.Build.0 = Release|Any CPU
	EndGlobalSection
	GlobalSection(SolutionProperties) = preSolution
		HideSolutionNode = FALSE
	EndGlobalSection
EndGlobal
